// !$*UTF8*$!
{
	archiveVersion = 1;
	classes = {
	};
	objectVersion = 46;
	objects = {

/* Begin PBXBuildFile section */
		3841256F1C8F809B0060C74B /* AppDelegate.swift in Sources */ = {isa = PBXBuildFile; fileRef = 3841256E1C8F809B0060C74B /* AppDelegate.swift */; };
		384125711C8F809B0060C74B /* ViewController.swift in Sources */ = {isa = PBXBuildFile; fileRef = 384125701C8F809B0060C74B /* ViewController.swift */; };
		384125741C8F809B0060C74B /* Main.storyboard in Resources */ = {isa = PBXBuildFile; fileRef = 384125721C8F809B0060C74B /* Main.storyboard */; };
		384125761C8F809B0060C74B /* Assets.xcassets in Resources */ = {isa = PBXBuildFile; fileRef = 384125751C8F809B0060C74B /* Assets.xcassets */; };
		384125791C8F809B0060C74B /* LaunchScreen.storyboard in Resources */ = {isa = PBXBuildFile; fileRef = 384125771C8F809B0060C74B /* LaunchScreen.storyboard */; };
/* End PBXBuildFile section */

/* Begin PBXFileReference section */
		3841256B1C8F809B0060C74B /* WKWebViewTutorial.app */ = {isa = PBXFileReference; explicitFileType = wrapper.application; includeInIndex = 0; path = WKWebViewTutorial.app; sourceTree = BUILT_PRODUCTS_DIR; };
		3841256E1C8F809B0060C74B /* AppDelegate.swift */ = {isa = PBXFileReference; lastKnownFileType = sourcecode.swift; path = AppDelegate.swift; sourceTree = "<group>"; };
		384125701C8F809B0060C74B /* ViewController.swift */ = {isa = PBXFileReference; lastKnownFileType = sourcecode.swift; path = ViewController.swift; sourceTree = "<group>"; };
		384125731C8F809B0060C74B /* Base */ = {isa = PBXFileReference; lastKnownFileType = file.storyboard; name = Base; path = Base.lproj/Main.storyboard; sourceTree = "<group>"; };
		384125751C8F809B0060C74B /* Assets.xcassets */ = {isa = PBXFileReference; lastKnownFileType = folder.assetcatalog; path = Assets.xcassets; sourceTree = "<group>"; };
		384125781C8F809B0060C74B /* Base */ = {isa = PBXFileReference; lastKnownFileType = file.storyboard; name = Base; path = Base.lproj/LaunchScreen.storyboard; sourceTree = "<group>"; };
		3841257A1C8F809B0060C74B /* Info.plist */ = {isa = PBXFileReference; lastKnownFileType = text.plist.xml; path = Info.plist; sourceTree = "<group>"; };
/* End PBXFileReference section */

/* Begin PBXFrameworksBuildPhase section */
		384125681C8F809B0060C74B /* Frameworks */ = {
			isa = PBXFrameworksBuildPhase;
			buildActionMask = 2147483647;
			files = (
			);
			runOnlyForDeploymentPostprocessing = 0;
		};
/* End PBXFrameworksBuildPhase section */

/* Begin PBXGroup section */
		384125621C8F809B0060C74B = {
			isa = PBXGroup;
			children = (
				3841256D1C8F809B0060C74B /* WKWebViewTutorial */,
				3841256C1C8F809B0060C74B /* Products */,
			);
			sourceTree = "<group>";
		};
		3841256C1C8F809B0060C74B /* Products */ = {
			isa = PBXGroup;
			children = (
				3841256B1C8F809B0060C74B /* WKWebViewTutorial.app */,
			);
			name = Products;
			sourceTree = "<group>";
		};
		3841256D1C8F809B0060C74B /* WKWebViewTutorial */ = {
			isa = PBXGroup;
			children = (
				3841256E1C8F809B0060C74B /* AppDelegate.swift */,
				384125701C8F809B0060C74B /* ViewController.swift */,
				384125721C8F809B0060C74B /* Main.storyboard */,
				384125751C8F809B0060C74B /* Assets.xcassets */,
				384125771C8F809B0060C74B /* LaunchScreen.storyboard */,
				3841257A1C8F809B0060C74B /* Info.plist */,
			);
			path = WKWebViewTutorial;
			sourceTree = "<group>";
		};
/* End PBXGroup section */

/* Begin PBXNativeTarget section */
		3841256A1C8F809B0060C74B /* WKWebViewTutorial */ = {
			isa = PBXNativeTarget;
			buildConfigurationList = 3841257D1C8F809B0060C74B /* Build configuration list for PBXNativeTarget "WKWebViewTutorial" */;
			buildPhases = (
				384125671C8F809B0060C74B /* Sources */,
				384125681C8F809B0060C74B /* Frameworks */,
				384125691C8F809B0060C74B /* Resources */,
			);
			buildRules = (
			);
			dependencies = (
			);
			name = WKWebViewTutorial;
			productName = WKWebViewTutorial;
			productReference = 3841256B1C8F809B0060C74B /* WKWebViewTutorial.app */;
			productType = "com.apple.product-type.application";
		};
/* End PBXNativeTarget section */

/* Begin PBXProject section */
		384125631C8F809B0060C74B /* Project object */ = {
			isa = PBXProject;
			attributes = {
				LastSwiftUpdateCheck = 0720;
				LastUpgradeCheck = 0720;
				ORGANIZATIONNAME = "Mislav Javor";
				TargetAttributes = {
					3841256A1C8F809B0060C74B = {
						CreatedOnToolsVersion = 7.2.1;
					};
				};
			};
			buildConfigurationList = 384125661C8F809B0060C74B /* Build configuration list for PBXProject "WKWebViewTutorial" */;
			compatibilityVersion = "Xcode 3.2";
			developmentRegion = English;
			hasScannedForEncodings = 0;
			knownRegions = (
				en,
				Base,
			);
			mainGroup = 384125621C8F809B0060C74B;
			productRefGroup = 3841256C1C8F809B0060C74B /* Products */;
			projectDirPath = "";
			projectRoot = "";
			targets = (
				3841256A1C8F809B0060C74B /* WKWebViewTutorial */,
			);
		};
/* End PBXProject section */

/* Begin PBXResourcesBuildPhase section */
		384125691C8F809B0060C74B /* Resources */ = {
			isa = PBXResourcesBuildPhase;
			buildActionMask = 2147483647;
			files = (
				384125791C8F809B0060C74B /* LaunchScreen.storyboard in Resources */,
				384125761C8F809B0060C74B /* Assets.xcassets in Resources */,
				384125741C8F809B0060C74B /* Main.storyboard in Resources */,
			);
			runOnlyForDeploymentPostprocessing = 0;
		};
/* End PBXResourcesBuildPhase section */

/* Begin PBXSourcesBuildPhase section */
		384125671C8F809B0060C74B /* Sources */ = {
			isa = PBXSourcesBuildPhase;
			buildActionMask = 2147483647;
			files = (
				384125711C8F809B0060C74B /* ViewController.swift in Sources */,
				3841256F1C8F809B0060C74B /* AppDelegate.swift in Sources */,
			);
			runOnlyForDeploymentPostprocessing = 0;
		};
/* End PBXSourcesBuildPhase section */

/* Begin PBXVariantGroup section */
		384125721C8F809B0060C74B /* Main.storyboard */ = {
			isa = PBXVariantGroup;
			children = (
				384125731C8F809B0060C74B /* Base */,
			);
			name = Main.storyboard;
			sourceTree = "<group>";
		};
		384125771C8F809B0060C74B /* LaunchScreen.storyboard */ = {
			isa = PBXVariantGroup;
			children = (
				384125781C8F809B0060C74B /* Base */,
			);
			name = LaunchScreen.storyboard;
			sourceTree = "<group>";
		};
/* End PBXVariantGroup section */

/* Begin XCBuildConfiguration section */
		3841257B1C8F809B0060C74B /* Debug */ = {
			isa = XCBuildConfiguration;
			buildSettings = {
				ALWAYS_SEARCH_USER_PATHS = NO;
				CLANG_CXX_LANGUAGE_STANDARD = "gnu++0x";
				CLANG_CXX_LIBRARY = "libc++";
				CLANG_ENABLE_MODULES = YES;
				CLANG_ENABLE_OBJC_ARC = YES;
				CLANG_WARN_BOOL_CONVERSION = YES;
				CLANG_WARN_CONSTANT_CONVERSION = YES;
				CLANG_WARN_DIRECT_OBJC_ISA_USAGE = YES_ERROR;
				CLANG_WARN_EMPTY_BODY = YES;
				CLANG_WARN_ENUM_CONVERSION = YES;
				CLANG_WARN_INT_CONVERSION = YES;
				CLANG_WARN_OBJC_ROOT_CLASS = YES_ERROR;
				CLANG_WARN_UNREACHABLE_CODE = YES;
				CLANG_WARN__DUPLICATE_METHOD_MATCH = YES;
				"CODE_SIGN_IDENTITY[sdk=iphoneos*]" = "iPhone Developer";
				COPY_PHASE_STRIP = NO;
				DEBUG_INFORMATION_FORMAT = dwarf;
				ENABLE_STRICT_OBJC_MSGSEND = YES;
				ENABLE_TESTABILITY = YES;
				GCC_C_LANGUAGE_STANDARD = gnu99;
				GCC_DYNAMIC_NO_PIC = NO;
				GCC_NO_COMMON_BLOCKS = YES;
				GCC_OPTIMIZATION_LEVEL = 0;
				GCC_PREPROCESSOR_DEFINITIONS = (
					"DEBUG=1",
					"$(inherited)",
				);
				GCC_WARN_64_TO_32_BIT_CONVERSION = YES;
				GCC_WARN_ABOUT_RETURN_TYPE = YES_ERROR;
				GCC_WARN_UNDECLARED_SELECTOR = YES;
				GCC_WARN_UNINITIALIZED_AUTOS = YES_AGGRESSIVE;
				GCC_WARN_UNUSED_FUNCTION = YES;
				GCC_WARN_UNUSED_VARIABLE = YES;
				IPHONEOS_DEPLOYMENT_TARGET = 9.2;
				MTL_ENABLE_DEBUG_INFO = YES;
				ONLY_ACTIVE_ARCH = YES;
				SDKROOT = iphoneos;
				SWIFT_OPTIMIZATION_LEVEL = "-Onone";
				TARGETED_DEVICE_FAMILY = "1,2";
			};
			name = Debug;
		};
		3841257C1C8F809B0060C74B /* Release */ = {
			isa = XCBuildConfiguration;
			buildSettings = {
				ALWAYS_SEARCH_USER_PATHS = NO;
				CLANG_CXX_LANGUAGE_STANDARD = "gnu++0x";
				CLANG_CXX_LIBRARY = "libc++";
				CLANG_ENABLE_MODULES = YES;
				CLANG_ENABLE_OBJC_ARC = YES;
				CLANG_WARN_BOOL_CONVERSION = YES;
				CLANG_WARN_CONSTANT_CONVERSION = YES;
				CLANG_WARN_DIRECT_OBJC_ISA_USAGE = YES_ERROR;
				CLANG_WARN_EMPTY_BODY = YES;
				CLANG_WARN_ENUM_CONVERSION = YES;
				CLANG_WARN_INT_CONVERSION = YES;
				CLANG_WARN_OBJC_ROOT_CLASS = YES_ERROR;
				CLANG_WARN_UNREACHABLE_CODE = YES;
				CLANG_WARN__DUPLICATE_METHOD_MATCH = YES;
				"CODE_SIGN_IDENTITY[sdk=iphoneos*]" = "iPhone Developer";
				COPY_PHASE_STRIP = NO;
				DEBUG_INFORMATION_FORMAT = "dwarf-with-dsym";
				ENABLE_NS_ASSERTIONS = NO;
				ENABLE_STRICT_OBJC_MSGSEND = YES;
				GCC_C_LANGUAGE_STANDARD = gnu99;
				GCC_NO_COMMON_BLOCKS = YES;
				GCC_WARN_64_TO_32_BIT_CONVERSION = YES;
				GCC_WARN_ABOUT_RETURN_TYPE = YES_ERROR;
				GCC_WARN_UNDECLARED_SELECTOR = YES;
				GCC_WARN_UNINITIALIZED_AUTOS = YES_AGGRESSIVE;
				GCC_WARN_UNUSED_FUNCTION = YES;
				GCC_WARN_UNUSED_VARIABLE = YES;
				IPHONEOS_DEPLOYMENT_TARGET = 9.2;
				MTL_ENABLE_DEBUG_INFO = NO;
				SDKROOT = iphoneos;
				TARGETED_DEVICE_FAMILY = "1,2";
				VALIDATE_PRODUCT = YES;
			};
			name = Release;
		};
		3841257E1C8F809B0060C74B /* Debug */ = {
			isa = XCBuildConfiguration;
			buildSettings = {
				ASSETCATALOG_COMPILER_APPICON_NAME = AppIcon;
				INFOPLIST_FILE = WKWebViewTutorial/Info.plist;
				LD_RUNPATH_SEARCH_PATHS = "$(inherited) @executable_path/Frameworks";
				PRODUCT_BUNDLE_IDENTIFIER = com.mislavjavor.WKWebViewTutorial;
				PRODUCT_NAME = "$(TARGET_NAME)";
			};
			name = Debug;
		};
		3841257F1C8F809B0060C74B /* Release */ = {
			isa = XCBuildConfiguration;
			buildSettings = {
				ASSETCATALOG_COMPILER_APPICON_NAME = AppIcon;
				INFOPLIST_FILE = WKWebViewTutorial/Info.plist;
				LD_RUNPATH_SEARCH_PATHS = "$(inherited) @executable_path/Frameworks";
				PRODUCT_BUNDLE_IDENTIFIER = com.mislavjavor.WKWebViewTutorial;
				PRODUCT_NAME = "$(TARGET_NAME)";
			};
			name = Release;
		};
/* End XCBuildConfiguration section */

/* Begin XCConfigurationList section */
		384125661C8F809B0060C74B /* Build configuration list for PBXProject "WKWebViewTutorial" */ = {
			isa = XCConfigurationList;
			buildConfigurations = (
				3841257B1C8F809B0060C74B /* Debug */,
				3841257C1C8F809B0060C74B /* Release */,
			);
			defaultConfigurationIsVisible = 0;
			defaultConfigurationName = Release;
		};
		3841257D1C8F809B0060C74B /* Build configuration list for PBXNativeTarget "WKWebViewTutorial" */ = {
			isa = XCConfigurationList;
			buildConfigurations = (
				3841257E1C8F809B0060C74B /* Debug */,
				3841257F1C8F809B0060C74B /* Release */,
			);
			defaultConfigurationIsVisible = 0;
		};
/* End XCConfigurationList section */
	};
	rootObject = 384125631C8F809B0060C74B /* Project object */;
}
